// !$*UTF8*$!
{
	archiveVersion = 1;
	classes = {
	};
	objectVersion = 46;
	objects = {

/* Begin PBXBuildFile section */
		2B6EEA6D13F47D0E00D239C2 /* ReadMe.txt in Resources */ = {isa = PBXBuildFile; fileRef = 2B6EEA6C13F47D0E00D239C2 /* ReadMe.txt */; };
		3B53BE18163378CD00C4BD62 /* xmlfile.xml in Resources */ = {isa = PBXBuildFile; fileRef = 3B53BE17163378CD00C4BD62 /* xmlfile.xml */; };
		3B53BE2116337B0800C4BD62 /* CXMLDocument_CreationExtensions.m in Sources */ = {isa = PBXBuildFile; fileRef = 3B53BDFC1633787E00C4BD62 /* CXMLDocument_CreationExtensions.m */; };
		3B53BE2216337B0C00C4BD62 /* CXMLNode_CreationExtensions.m in Sources */ = {isa = PBXBuildFile; fileRef = 3B53BDFE1633787E00C4BD62 /* CXMLNode_CreationExtensions.m */; };
		3B53BE2316337B1000C4BD62 /* CXHTMLDocument.m in Sources */ = {isa = PBXBuildFile; fileRef = 3B53BE001633787E00C4BD62 /* CXHTMLDocument.m */; };
		3B53BE2416337B1300C4BD62 /* CXMLDocument_PrivateExtensions.m in Sources */ = {isa = PBXBuildFile; fileRef = 3B53BE021633787E00C4BD62 /* CXMLDocument_PrivateExtensions.m */; };
		3B53BE2516337B1600C4BD62 /* CXMLDocument.m in Sources */ = {isa = PBXBuildFile; fileRef = 3B53BE041633787E00C4BD62 /* CXMLDocument.m */; };
		3B53BE2616337B1C00C4BD62 /* CXMLElement_CreationExtensions.m in Sources */ = {isa = PBXBuildFile; fileRef = 3B53BE061633787E00C4BD62 /* CXMLElement_CreationExtensions.m */; };
		3B53BE2716337B2000C4BD62 /* CXMLElement_ElementTreeExtensions.m in Sources */ = {isa = PBXBuildFile; fileRef = 3B53BE081633787E00C4BD62 /* CXMLElement_ElementTreeExtensions.m */; };
		3B53BE2816337B2400C4BD62 /* CXMLElement.m in Sources */ = {isa = PBXBuildFile; fileRef = 3B53BE0A1633787E00C4BD62 /* CXMLElement.m */; };
		3B53BE2916337B2800C4BD62 /* CXMLNamespaceNode.m in Sources */ = {isa = PBXBuildFile; fileRef = 3B53BE0C1633787E00C4BD62 /* CXMLNamespaceNode.m */; };
		3B53BE2A16337B2E00C4BD62 /* CXMLNode_PrivateExtensions.m in Sources */ = {isa = PBXBuildFile; fileRef = 3B53BE0E1633787E00C4BD62 /* CXMLNode_PrivateExtensions.m */; };
		3B53BE2B16337B3300C4BD62 /* CXMLNode_XPathExtensions.m in Sources */ = {isa = PBXBuildFile; fileRef = 3B53BE101633787E00C4BD62 /* CXMLNode_XPathExtensions.m */; };
		3B53BE2C16337B3600C4BD62 /* CXMLNode.m in Sources */ = {isa = PBXBuildFile; fileRef = 3B53BE121633787E00C4BD62 /* CXMLNode.m */; };
		3B53BE2D16337B3B00C4BD62 /* CTidy.m in Sources */ = {isa = PBXBuildFile; fileRef = 3B53BE151633787E00C4BD62 /* CTidy.m */; };
		8357D9EB138836520060FADB /* UIKit.framework in Frameworks */ = {isa = PBXBuildFile; fileRef = 8357D9EA138836520060FADB /* UIKit.framework */; };
		8357D9ED138836520060FADB /* Foundation.framework in Frameworks */ = {isa = PBXBuildFile; fileRef = 8357D9EC138836520060FADB /* Foundation.framework */; };
		8357D9EF138836520060FADB /* CoreGraphics.framework in Frameworks */ = {isa = PBXBuildFile; fileRef = 8357D9EE138836520060FADB /* CoreGraphics.framework */; };
		8357D9F5138836520060FADB /* InfoPlist.strings in Resources */ = {isa = PBXBuildFile; fileRef = 8357D9F3138836520060FADB /* InfoPlist.strings */; };
		8357D9F7138836520060FADB /* main.m in Sources */ = {isa = PBXBuildFile; fileRef = 8357D9F6138836520060FADB /* main.m */; };
		8357D9FB138836520060FADB /* pARkAppDelegate.m in Sources */ = {isa = PBXBuildFile; fileRef = 8357D9FA138836520060FADB /* pARkAppDelegate.m */; };
		8357D9FD138836520060FADB /* pARkViewController.h in Resources */ = {isa = PBXBuildFile; fileRef = 8357D9FC138836520060FADB /* pARkViewController.h */; };
		8357D9FF138836520060FADB /* pARkViewController.m in Sources */ = {isa = PBXBuildFile; fileRef = 8357D9FE138836520060FADB /* pARkViewController.m */; };
		8357DA02138836520060FADB /* pARkViewController_iPhone.xib in Resources */ = {isa = PBXBuildFile; fileRef = 8357DA00138836520060FADB /* pARkViewController_iPhone.xib */; };
		8357DA05138836520060FADB /* pARkViewController_iPad.xib in Resources */ = {isa = PBXBuildFile; fileRef = 8357DA03138836520060FADB /* pARkViewController_iPad.xib */; };
		836EC94A138838A200F196BC /* AVFoundation.framework in Frameworks */ = {isa = PBXBuildFile; fileRef = 836EC948138838A200F196BC /* AVFoundation.framework */; };
		836EC94B138838A200F196BC /* CoreMotion.framework in Frameworks */ = {isa = PBXBuildFile; fileRef = 836EC949138838A200F196BC /* CoreMotion.framework */; };
		836EC94D138838BD00F196BC /* AssetsLibrary.framework in Frameworks */ = {isa = PBXBuildFile; fileRef = 836EC94C138838BD00F196BC /* AssetsLibrary.framework */; };
		836EC95013897C7A00F196BC /* ARView.m in Sources */ = {isa = PBXBuildFile; fileRef = 836EC94F13897C7A00F196BC /* ARView.m */; };
		836EC9611389805700F196BC /* OpenGLES.framework in Frameworks */ = {isa = PBXBuildFile; fileRef = 836EC9601389805700F196BC /* OpenGLES.framework */; };
		836EC9631389807000F196BC /* QuartzCore.framework in Frameworks */ = {isa = PBXBuildFile; fileRef = 836EC9621389807000F196BC /* QuartzCore.framework */; };
		836EC9651389842500F196BC /* CoreLocation.framework in Frameworks */ = {isa = PBXBuildFile; fileRef = 836EC9641389842500F196BC /* CoreLocation.framework */; };
		836EC99C1389C08400F196BC /* PlaceOfInterest.m in Sources */ = {isa = PBXBuildFile; fileRef = 836EC99B1389C08300F196BC /* PlaceOfInterest.m */; };
/* End PBXBuildFile section */

/* Begin PBXFileReference section */
		2B6EEA6C13F47D0E00D239C2 /* ReadMe.txt */ = {isa = PBXFileReference; fileEncoding = 4; lastKnownFileType = text; path = ReadMe.txt; sourceTree = "<group>"; };
		3B53BDFB1633787E00C4BD62 /* CXMLDocument_CreationExtensions.h */ = {isa = PBXFileReference; lastKnownFileType = sourcecode.c.h; path = CXMLDocument_CreationExtensions.h; sourceTree = "<group>"; };
		3B53BDFC1633787E00C4BD62 /* CXMLDocument_CreationExtensions.m */ = {isa = PBXFileReference; lastKnownFileType = sourcecode.c.objc; path = CXMLDocument_CreationExtensions.m; sourceTree = "<group>"; };
		3B53BDFD1633787E00C4BD62 /* CXMLNode_CreationExtensions.h */ = {isa = PBXFileReference; lastKnownFileType = sourcecode.c.h; path = CXMLNode_CreationExtensions.h; sourceTree = "<group>"; };
		3B53BDFE1633787E00C4BD62 /* CXMLNode_CreationExtensions.m */ = {isa = PBXFileReference; lastKnownFileType = sourcecode.c.objc; path = CXMLNode_CreationExtensions.m; sourceTree = "<group>"; };
		3B53BDFF1633787E00C4BD62 /* CXHTMLDocument.h */ = {isa = PBXFileReference; lastKnownFileType = sourcecode.c.h; path = CXHTMLDocument.h; sourceTree = "<group>"; };
		3B53BE001633787E00C4BD62 /* CXHTMLDocument.m */ = {isa = PBXFileReference; lastKnownFileType = sourcecode.c.objc; path = CXHTMLDocument.m; sourceTree = "<group>"; };
		3B53BE011633787E00C4BD62 /* CXMLDocument_PrivateExtensions.h */ = {isa = PBXFileReference; lastKnownFileType = sourcecode.c.h; path = CXMLDocument_PrivateExtensions.h; sourceTree = "<group>"; };
		3B53BE021633787E00C4BD62 /* CXMLDocument_PrivateExtensions.m */ = {isa = PBXFileReference; lastKnownFileType = sourcecode.c.objc; path = CXMLDocument_PrivateExtensions.m; sourceTree = "<group>"; };
		3B53BE031633787E00C4BD62 /* CXMLDocument.h */ = {isa = PBXFileReference; lastKnownFileType = sourcecode.c.h; path = CXMLDocument.h; sourceTree = "<group>"; };
		3B53BE041633787E00C4BD62 /* CXMLDocument.m */ = {isa = PBXFileReference; lastKnownFileType = sourcecode.c.objc; path = CXMLDocument.m; sourceTree = "<group>"; };
		3B53BE051633787E00C4BD62 /* CXMLElement_CreationExtensions.h */ = {isa = PBXFileReference; lastKnownFileType = sourcecode.c.h; path = CXMLElement_CreationExtensions.h; sourceTree = "<group>"; };
		3B53BE061633787E00C4BD62 /* CXMLElement_CreationExtensions.m */ = {isa = PBXFileReference; lastKnownFileType = sourcecode.c.objc; path = CXMLElement_CreationExtensions.m; sourceTree = "<group>"; };
		3B53BE071633787E00C4BD62 /* CXMLElement_ElementTreeExtensions.h */ = {isa = PBXFileReference; lastKnownFileType = sourcecode.c.h; path = CXMLElement_ElementTreeExtensions.h; sourceTree = "<group>"; };
		3B53BE081633787E00C4BD62 /* CXMLElement_ElementTreeExtensions.m */ = {isa = PBXFileReference; lastKnownFileType = sourcecode.c.objc; path = CXMLElement_ElementTreeExtensions.m; sourceTree = "<group>"; };
		3B53BE091633787E00C4BD62 /* CXMLElement.h */ = {isa = PBXFileReference; lastKnownFileType = sourcecode.c.h; path = CXMLElement.h; sourceTree = "<group>"; };
		3B53BE0A1633787E00C4BD62 /* CXMLElement.m */ = {isa = PBXFileReference; lastKnownFileType = sourcecode.c.objc; path = CXMLElement.m; sourceTree = "<group>"; };
		3B53BE0B1633787E00C4BD62 /* CXMLNamespaceNode.h */ = {isa = PBXFileReference; lastKnownFileType = sourcecode.c.h; path = CXMLNamespaceNode.h; sourceTree = "<group>"; };
		3B53BE0C1633787E00C4BD62 /* CXMLNamespaceNode.m */ = {isa = PBXFileReference; lastKnownFileType = sourcecode.c.objc; path = CXMLNamespaceNode.m; sourceTree = "<group>"; };
		3B53BE0D1633787E00C4BD62 /* CXMLNode_PrivateExtensions.h */ = {isa = PBXFileReference; lastKnownFileType = sourcecode.c.h; path = CXMLNode_PrivateExtensions.h; sourceTree = "<group>"; };
		3B53BE0E1633787E00C4BD62 /* CXMLNode_PrivateExtensions.m */ = {isa = PBXFileReference; lastKnownFileType = sourcecode.c.objc; path = CXMLNode_PrivateExtensions.m; sourceTree = "<group>"; };
		3B53BE0F1633787E00C4BD62 /* CXMLNode_XPathExtensions.h */ = {isa = PBXFileReference; lastKnownFileType = sourcecode.c.h; path = CXMLNode_XPathExtensions.h; sourceTree = "<group>"; };
		3B53BE101633787E00C4BD62 /* CXMLNode_XPathExtensions.m */ = {isa = PBXFileReference; lastKnownFileType = sourcecode.c.objc; path = CXMLNode_XPathExtensions.m; sourceTree = "<group>"; };
		3B53BE111633787E00C4BD62 /* CXMLNode.h */ = {isa = PBXFileReference; lastKnownFileType = sourcecode.c.h; path = CXMLNode.h; sourceTree = "<group>"; };
		3B53BE121633787E00C4BD62 /* CXMLNode.m */ = {isa = PBXFileReference; lastKnownFileType = sourcecode.c.objc; path = CXMLNode.m; sourceTree = "<group>"; };
		3B53BE141633787E00C4BD62 /* CTidy.h */ = {isa = PBXFileReference; lastKnownFileType = sourcecode.c.h; path = CTidy.h; sourceTree = "<group>"; };
		3B53BE151633787E00C4BD62 /* CTidy.m */ = {isa = PBXFileReference; lastKnownFileType = sourcecode.c.objc; path = CTidy.m; sourceTree = "<group>"; };
		3B53BE161633787E00C4BD62 /* TouchXML.h */ = {isa = PBXFileReference; lastKnownFileType = sourcecode.c.h; path = TouchXML.h; sourceTree = "<group>"; };
		3B53BE17163378CD00C4BD62 /* xmlfile.xml */ = {isa = PBXFileReference; fileEncoding = 4; lastKnownFileType = text.xml; path = xmlfile.xml; sourceTree = "<group>"; };
		8357D9E6138836520060FADB /* pARk.app */ = {isa = PBXFileReference; explicitFileType = wrapper.application; includeInIndex = 0; path = pARk.app; sourceTree = BUILT_PRODUCTS_DIR; };
		8357D9EA138836520060FADB /* UIKit.framework */ = {isa = PBXFileReference; lastKnownFileType = wrapper.framework; name = UIKit.framework; path = System/Library/Frameworks/UIKit.framework; sourceTree = SDKROOT; };
		8357D9EC138836520060FADB /* Foundation.framework */ = {isa = PBXFileReference; lastKnownFileType = wrapper.framework; name = Foundation.framework; path = System/Library/Frameworks/Foundation.framework; sourceTree = SDKROOT; };
		8357D9EE138836520060FADB /* CoreGraphics.framework */ = {isa = PBXFileReference; lastKnownFileType = wrapper.framework; name = CoreGraphics.framework; path = System/Library/Frameworks/CoreGraphics.framework; sourceTree = SDKROOT; };
		8357D9F2138836520060FADB /* pARk-Info.plist */ = {isa = PBXFileReference; lastKnownFileType = text.plist.xml; path = "pARk-Info.plist"; sourceTree = "<group>"; };
		8357D9F4138836520060FADB /* en */ = {isa = PBXFileReference; lastKnownFileType = text.plist.strings; name = en; path = en.lproj/InfoPlist.strings; sourceTree = "<group>"; };
		8357D9F6138836520060FADB /* main.m */ = {isa = PBXFileReference; lastKnownFileType = sourcecode.c.objc; path = main.m; sourceTree = "<group>"; };
		8357D9F8138836520060FADB /* pARk-Prefix.pch */ = {isa = PBXFileReference; lastKnownFileType = sourcecode.c.h; path = "pARk-Prefix.pch"; sourceTree = "<group>"; };
		8357D9F9138836520060FADB /* pARkAppDelegate.h */ = {isa = PBXFileReference; lastKnownFileType = sourcecode.c.h; path = pARkAppDelegate.h; sourceTree = "<group>"; };
		8357D9FA138836520060FADB /* pARkAppDelegate.m */ = {isa = PBXFileReference; lastKnownFileType = sourcecode.c.objc; path = pARkAppDelegate.m; sourceTree = "<group>"; };
		8357D9FC138836520060FADB /* pARkViewController.h */ = {isa = PBXFileReference; lastKnownFileType = sourcecode.c.h; path = pARkViewController.h; sourceTree = "<group>"; };
		8357D9FE138836520060FADB /* pARkViewController.m */ = {isa = PBXFileReference; lastKnownFileType = sourcecode.c.objc; path = pARkViewController.m; sourceTree = "<group>"; };
		8357DA01138836520060FADB /* en */ = {isa = PBXFileReference; lastKnownFileType = file.xib; name = en; path = en.lproj/pARkViewController_iPhone.xib; sourceTree = "<group>"; };
		8357DA04138836520060FADB /* en */ = {isa = PBXFileReference; lastKnownFileType = file.xib; name = en; path = en.lproj/pARkViewController_iPad.xib; sourceTree = "<group>"; };
		836EC948138838A200F196BC /* AVFoundation.framework */ = {isa = PBXFileReference; lastKnownFileType = wrapper.framework; name = AVFoundation.framework; path = Platforms/iPhoneOS.platform/Developer/SDKs/iPhoneOS5.0.Internal.sdk/System/Library/Frameworks/AVFoundation.framework; sourceTree = DEVELOPER_DIR; };
		836EC949138838A200F196BC /* CoreMotion.framework */ = {isa = PBXFileReference; lastKnownFileType = wrapper.framework; name = CoreMotion.framework; path = Platforms/iPhoneOS.platform/Developer/SDKs/iPhoneOS5.0.Internal.sdk/System/Library/Frameworks/CoreMotion.framework; sourceTree = DEVELOPER_DIR; };
		836EC94C138838BD00F196BC /* AssetsLibrary.framework */ = {isa = PBXFileReference; lastKnownFileType = wrapper.framework; name = AssetsLibrary.framework; path = Platforms/iPhoneOS.platform/Developer/SDKs/iPhoneOS5.0.Internal.sdk/System/Library/Frameworks/AssetsLibrary.framework; sourceTree = DEVELOPER_DIR; };
		836EC94E13897C7A00F196BC /* ARView.h */ = {isa = PBXFileReference; fileEncoding = 4; lastKnownFileType = sourcecode.c.h; path = ARView.h; sourceTree = "<group>"; };
		836EC94F13897C7A00F196BC /* ARView.m */ = {isa = PBXFileReference; fileEncoding = 4; lastKnownFileType = sourcecode.c.objc; path = ARView.m; sourceTree = "<group>"; };
		836EC9601389805700F196BC /* OpenGLES.framework */ = {isa = PBXFileReference; lastKnownFileType = wrapper.framework; name = OpenGLES.framework; path = Platforms/iPhoneOS.platform/Developer/SDKs/iPhoneOS5.0.Internal.sdk/System/Library/Frameworks/OpenGLES.framework; sourceTree = DEVELOPER_DIR; };
		836EC9621389807000F196BC /* QuartzCore.framework */ = {isa = PBXFileReference; lastKnownFileType = wrapper.framework; name = QuartzCore.framework; path = Platforms/iPhoneOS.platform/Developer/SDKs/iPhoneOS5.0.Internal.sdk/System/Library/Frameworks/QuartzCore.framework; sourceTree = DEVELOPER_DIR; };
		836EC9641389842500F196BC /* CoreLocation.framework */ = {isa = PBXFileReference; lastKnownFileType = wrapper.framework; name = CoreLocation.framework; path = Platforms/iPhoneOS.platform/Developer/SDKs/iPhoneOS5.0.Internal.sdk/System/Library/Frameworks/CoreLocation.framework; sourceTree = DEVELOPER_DIR; };
		836EC99A1389C08300F196BC /* PlaceOfInterest.h */ = {isa = PBXFileReference; fileEncoding = 4; lastKnownFileType = sourcecode.c.h; path = PlaceOfInterest.h; sourceTree = "<group>"; };
		836EC99B1389C08300F196BC /* PlaceOfInterest.m */ = {isa = PBXFileReference; fileEncoding = 4; lastKnownFileType = sourcecode.c.objc; path = PlaceOfInterest.m; sourceTree = "<group>"; };
/* End PBXFileReference section */

/* Begin PBXFrameworksBuildPhase section */
		8357D9E3138836520060FADB /* Frameworks */ = {
			isa = PBXFrameworksBuildPhase;
			buildActionMask = 2147483647;
			files = (
				836EC9651389842500F196BC /* CoreLocation.framework in Frameworks */,
				836EC9631389807000F196BC /* QuartzCore.framework in Frameworks */,
				836EC9611389805700F196BC /* OpenGLES.framework in Frameworks */,
				836EC94D138838BD00F196BC /* AssetsLibrary.framework in Frameworks */,
				836EC94A138838A200F196BC /* AVFoundation.framework in Frameworks */,
				836EC94B138838A200F196BC /* CoreMotion.framework in Frameworks */,
				8357D9EB138836520060FADB /* UIKit.framework in Frameworks */,
				8357D9ED138836520060FADB /* Foundation.framework in Frameworks */,
				8357D9EF138836520060FADB /* CoreGraphics.framework in Frameworks */,
			);
			runOnlyForDeploymentPostprocessing = 0;
		};
/* End PBXFrameworksBuildPhase section */

/* Begin PBXGroup section */
		3B53BDF81633786500C4BD62 /* TouchXML */ = {
			isa = PBXGroup;
			children = (
				3B53BDFA1633787E00C4BD62 /* Creation */,
				3B53BDFF1633787E00C4BD62 /* CXHTMLDocument.h */,
				3B53BE001633787E00C4BD62 /* CXHTMLDocument.m */,
				3B53BE011633787E00C4BD62 /* CXMLDocument_PrivateExtensions.h */,
				3B53BE021633787E00C4BD62 /* CXMLDocument_PrivateExtensions.m */,
				3B53BE031633787E00C4BD62 /* CXMLDocument.h */,
				3B53BE041633787E00C4BD62 /* CXMLDocument.m */,
				3B53BE051633787E00C4BD62 /* CXMLElement_CreationExtensions.h */,
				3B53BE061633787E00C4BD62 /* CXMLElement_CreationExtensions.m */,
				3B53BE071633787E00C4BD62 /* CXMLElement_ElementTreeExtensions.h */,
				3B53BE081633787E00C4BD62 /* CXMLElement_ElementTreeExtensions.m */,
				3B53BE091633787E00C4BD62 /* CXMLElement.h */,
				3B53BE0A1633787E00C4BD62 /* CXMLElement.m */,
				3B53BE0B1633787E00C4BD62 /* CXMLNamespaceNode.h */,
				3B53BE0C1633787E00C4BD62 /* CXMLNamespaceNode.m */,
				3B53BE0D1633787E00C4BD62 /* CXMLNode_PrivateExtensions.h */,
				3B53BE0E1633787E00C4BD62 /* CXMLNode_PrivateExtensions.m */,
				3B53BE0F1633787E00C4BD62 /* CXMLNode_XPathExtensions.h */,
				3B53BE101633787E00C4BD62 /* CXMLNode_XPathExtensions.m */,
				3B53BE111633787E00C4BD62 /* CXMLNode.h */,
				3B53BE121633787E00C4BD62 /* CXMLNode.m */,
				3B53BE131633787E00C4BD62 /* Tidy */,
				3B53BE161633787E00C4BD62 /* TouchXML.h */,
			);
			name = TouchXML;
			sourceTree = "<group>";
		};
		3B53BDFA1633787E00C4BD62 /* Creation */ = {
			isa = PBXGroup;
			children = (
				3B53BDFB1633787E00C4BD62 /* CXMLDocument_CreationExtensions.h */,
				3B53BDFC1633787E00C4BD62 /* CXMLDocument_CreationExtensions.m */,
				3B53BDFD1633787E00C4BD62 /* CXMLNode_CreationExtensions.h */,
				3B53BDFE1633787E00C4BD62 /* CXMLNode_CreationExtensions.m */,
			);
			path = Creation;
			sourceTree = "<group>";
		};
		3B53BE131633787E00C4BD62 /* Tidy */ = {
			isa = PBXGroup;
			children = (
				3B53BE141633787E00C4BD62 /* CTidy.h */,
				3B53BE151633787E00C4BD62 /* CTidy.m */,
			);
			path = Tidy;
			sourceTree = "<group>";
		};
		8357D9DB138836520060FADB = {
			isa = PBXGroup;
			children = (
				2B6EEA6C13F47D0E00D239C2 /* ReadMe.txt */,
				8357D9F0138836520060FADB /* pARk */,
				8357D9E9138836520060FADB /* Frameworks */,
				8357D9E7138836520060FADB /* Products */,
			);
			sourceTree = "<group>";
		};
		8357D9E7138836520060FADB /* Products */ = {
			isa = PBXGroup;
			children = (
				8357D9E6138836520060FADB /* pARk.app */,
			);
			name = Products;
			sourceTree = "<group>";
		};
		8357D9E9138836520060FADB /* Frameworks */ = {
			isa = PBXGroup;
			children = (
				836EC9641389842500F196BC /* CoreLocation.framework */,
				836EC9621389807000F196BC /* QuartzCore.framework */,
				836EC9601389805700F196BC /* OpenGLES.framework */,
				836EC94C138838BD00F196BC /* AssetsLibrary.framework */,
				836EC948138838A200F196BC /* AVFoundation.framework */,
				836EC949138838A200F196BC /* CoreMotion.framework */,
				8357D9EA138836520060FADB /* UIKit.framework */,
				8357D9EC138836520060FADB /* Foundation.framework */,
				8357D9EE138836520060FADB /* CoreGraphics.framework */,
			);
			name = Frameworks;
			sourceTree = "<group>";
		};
		8357D9F0138836520060FADB /* pARk */ = {
			isa = PBXGroup;
			children = (
				3B53BE17163378CD00C4BD62 /* xmlfile.xml */,
				3B53BDF81633786500C4BD62 /* TouchXML */,
				836EC94E13897C7A00F196BC /* ARView.h */,
				836EC94F13897C7A00F196BC /* ARView.m */,
				836EC99A1389C08300F196BC /* PlaceOfInterest.h */,
				836EC99B1389C08300F196BC /* PlaceOfInterest.m */,
				8357D9FC138836520060FADB /* pARkViewController.h */,
				8357D9FE138836520060FADB /* pARkViewController.m */,
				8357D9F9138836520060FADB /* pARkAppDelegate.h */,
				8357D9FA138836520060FADB /* pARkAppDelegate.m */,
				8357DA00138836520060FADB /* pARkViewController_iPhone.xib */,
				8357DA03138836520060FADB /* pARkViewController_iPad.xib */,
				8357D9F1138836520060FADB /* Supporting Files */,
			);
			path = pARk;
			sourceTree = "<group>";
		};
		8357D9F1138836520060FADB /* Supporting Files */ = {
			isa = PBXGroup;
			children = (
				8357D9F2138836520060FADB /* pARk-Info.plist */,
				8357D9F3138836520060FADB /* InfoPlist.strings */,
				8357D9F6138836520060FADB /* main.m */,
				8357D9F8138836520060FADB /* pARk-Prefix.pch */,
			);
			name = "Supporting Files";
			sourceTree = "<group>";
		};
/* End PBXGroup section */

/* Begin PBXNativeTarget section */
		8357D9E5138836520060FADB /* pARk */ = {
			isa = PBXNativeTarget;
			buildConfigurationList = 8357DA08138836520060FADB /* Build configuration list for PBXNativeTarget "pARk" */;
			buildPhases = (
				8357D9E2138836520060FADB /* Sources */,
				8357D9E3138836520060FADB /* Frameworks */,
				8357D9E4138836520060FADB /* Resources */,
			);
			buildRules = (
			);
			dependencies = (
			);
			name = pARk;
			productName = pARk;
			productReference = 8357D9E6138836520060FADB /* pARk.app */;
			productType = "com.apple.product-type.application";
		};
/* End PBXNativeTarget section */

/* Begin PBXProject section */
		8357D9DD138836520060FADB /* Project object */ = {
			isa = PBXProject;
			attributes = {
				LastUpgradeCheck = 0420;
			};
			buildConfigurationList = 8357D9E0138836520060FADB /* Build configuration list for PBXProject "pARk" */;
			compatibilityVersion = "Xcode 3.2";
			developmentRegion = English;
			hasScannedForEncodings = 0;
			knownRegions = (
				en,
			);
			mainGroup = 8357D9DB138836520060FADB;
			productRefGroup = 8357D9E7138836520060FADB /* Products */;
			projectDirPath = "";
			projectRoot = "";
			targets = (
				8357D9E5138836520060FADB /* pARk */,
			);
		};
/* End PBXProject section */

/* Begin PBXResourcesBuildPhase section */
		8357D9E4138836520060FADB /* Resources */ = {
			isa = PBXResourcesBuildPhase;
			buildActionMask = 2147483647;
			files = (
				8357D9F5138836520060FADB /* InfoPlist.strings in Resources */,
				8357D9FD138836520060FADB /* pARkViewController.h in Resources */,
				8357DA02138836520060FADB /* pARkViewController_iPhone.xib in Resources */,
				8357DA05138836520060FADB /* pARkViewController_iPad.xib in Resources */,
				2B6EEA6D13F47D0E00D239C2 /* ReadMe.txt in Resources */,
				3B53BE18163378CD00C4BD62 /* xmlfile.xml in Resources */,
			);
			runOnlyForDeploymentPostprocessing = 0;
		};
/* End PBXResourcesBuildPhase section */

/* Begin PBXSourcesBuildPhase section */
		8357D9E2138836520060FADB /* Sources */ = {
			isa = PBXSourcesBuildPhase;
			buildActionMask = 2147483647;
			files = (
				3B53BE2D16337B3B00C4BD62 /* CTidy.m in Sources */,
				3B53BE2C16337B3600C4BD62 /* CXMLNode.m in Sources */,
				3B53BE2B16337B3300C4BD62 /* CXMLNode_XPathExtensions.m in Sources */,
				3B53BE2A16337B2E00C4BD62 /* CXMLNode_PrivateExtensions.m in Sources */,
				3B53BE2916337B2800C4BD62 /* CXMLNamespaceNode.m in Sources */,
				3B53BE2816337B2400C4BD62 /* CXMLElement.m in Sources */,
				3B53BE2716337B2000C4BD62 /* CXMLElement_ElementTreeExtensions.m in Sources */,
				3B53BE2616337B1C00C4BD62 /* CXMLElement_CreationExtensions.m in Sources */,
				3B53BE2516337B1600C4BD62 /* CXMLDocument.m in Sources */,
				3B53BE2416337B1300C4BD62 /* CXMLDocument_PrivateExtensions.m in Sources */,
				3B53BE2316337B1000C4BD62 /* CXHTMLDocument.m in Sources */,
				3B53BE2216337B0C00C4BD62 /* CXMLNode_CreationExtensions.m in Sources */,
				3B53BE2116337B0800C4BD62 /* CXMLDocument_CreationExtensions.m in Sources */,
				8357D9F7138836520060FADB /* main.m in Sources */,
				8357D9FB138836520060FADB /* pARkAppDelegate.m in Sources */,
				8357D9FF138836520060FADB /* pARkViewController.m in Sources */,
				836EC95013897C7A00F196BC /* ARView.m in Sources */,
				836EC99C1389C08400F196BC /* PlaceOfInterest.m in Sources */,
			);
			runOnlyForDeploymentPostprocessing = 0;
		};
/* End PBXSourcesBuildPhase section */

/* Begin PBXVariantGroup section */
		8357D9F3138836520060FADB /* InfoPlist.strings */ = {
			isa = PBXVariantGroup;
			children = (
				8357D9F4138836520060FADB /* en */,
			);
			name = InfoPlist.strings;
			sourceTree = "<group>";
		};
		8357DA00138836520060FADB /* pARkViewController_iPhone.xib */ = {
			isa = PBXVariantGroup;
			children = (
				8357DA01138836520060FADB /* en */,
			);
			name = pARkViewController_iPhone.xib;
			sourceTree = "<group>";
		};
		8357DA03138836520060FADB /* pARkViewController_iPad.xib */ = {
			isa = PBXVariantGroup;
			children = (
				8357DA04138836520060FADB /* en */,
			);
			name = pARkViewController_iPad.xib;
			sourceTree = "<group>";
		};
/* End PBXVariantGroup section */

/* Begin XCBuildConfiguration section */
		8357DA06138836520060FADB /* Debug */ = {
			isa = XCBuildConfiguration;
			buildSettings = {
				ALWAYS_SEARCH_USER_PATHS = NO;
				ARCHS = "$(ARCHS_STANDARD_32_BIT)";
				"CODE_SIGN_IDENTITY[sdk=iphoneos*]" = "iPhone Developer";
				COPY_PHASE_STRIP = NO;
				GCC_C_LANGUAGE_STANDARD = gnu99;
				GCC_DYNAMIC_NO_PIC = NO;
				GCC_OPTIMIZATION_LEVEL = 0;
				GCC_PREPROCESSOR_DEFINITIONS = (
					"DEBUG=1",
					"$(inherited)",
				);
				GCC_SYMBOLS_PRIVATE_EXTERN = NO;
				GCC_VERSION = com.apple.compilers.llvm.clang.1_0;
				GCC_WARN_ABOUT_MISSING_PROTOTYPES = YES;
				GCC_WARN_ABOUT_RETURN_TYPE = YES;
				GCC_WARN_UNUSED_VARIABLE = YES;
				IPHONEOS_DEPLOYMENT_TARGET = 5.0;
				OTHER_CFLAGS = "-fobjc-arr";
				SDKROOT = iphoneos;
				TARGETED_DEVICE_FAMILY = "1,2";
			};
			name = Debug;
		};
		8357DA07138836520060FADB /* Release */ = {
			isa = XCBuildConfiguration;
			buildSettings = {
				ALWAYS_SEARCH_USER_PATHS = NO;
				ARCHS = "$(ARCHS_STANDARD_32_BIT)";
				"CODE_SIGN_IDENTITY[sdk=iphoneos*]" = "iPhone Developer";
				COPY_PHASE_STRIP = YES;
				GCC_C_LANGUAGE_STANDARD = gnu99;
				GCC_VERSION = com.apple.compilers.llvm.clang.1_0;
				GCC_WARN_ABOUT_MISSING_PROTOTYPES = YES;
				GCC_WARN_ABOUT_RETURN_TYPE = YES;
				GCC_WARN_UNUSED_VARIABLE = YES;
				IPHONEOS_DEPLOYMENT_TARGET = 5.0;
				OTHER_CFLAGS = "-DNS_BLOCK_ASSERTIONS=1";
				SDKROOT = iphoneos;
				TARGETED_DEVICE_FAMILY = "1,2";
				VALIDATE_PRODUCT = YES;
			};
			name = Release;
		};
		8357DA09138836520060FADB /* Debug */ = {
			isa = XCBuildConfiguration;
			buildSettings = {
				CLANG_WARN_OBJCPP_ARC_ABI = NO;
				CODE_SIGN_IDENTITY = "iPhone Developer";
				"CODE_SIGN_IDENTITY[sdk=iphoneos*]" = "iPhone Developer";
				GCC_PRECOMPILE_PREFIX_HEADER = YES;
				GCC_PREFIX_HEADER = "pARk/pARk-Prefix.pch";
				HEADER_SEARCH_PATHS = "/Applications/Xcode.app/Contents/Developer/Platforms/iPhoneOS.platform/Developer/SDKs/iPhoneOS5.1.sdk/usr/include/libxml2/**";
				INFOPLIST_FILE = "pARk/pARk-Info.plist";
				OTHER_CFLAGS = "";
				OTHER_LDFLAGS = "-lxml2";
				PRODUCT_NAME = "$(TARGET_NAME)";
				PROVISIONING_PROFILE = "";
				"PROVISIONING_PROFILE[sdk=iphoneos*]" = "";
				SDKROOT = iphoneos;
				WRAPPER_EXTENSION = app;
			};
			name = Debug;
		};
		8357DA0A138836520060FADB /* Release */ = {
			isa = XCBuildConfiguration;
			buildSettings = {
				CLANG_WARN_OBJCPP_ARC_ABI = NO;
				CODE_SIGN_IDENTITY = "iPhone Developer";
				"CODE_SIGN_IDENTITY[sdk=iphoneos*]" = "iPhone Developer";
				GCC_PRECOMPILE_PREFIX_HEADER = YES;
				GCC_PREFIX_HEADER = "pARk/pARk-Prefix.pch";
				HEADER_SEARCH_PATHS = "/Applications/Xcode.app/Contents/Developer/Platforms/iPhoneOS.platform/Developer/SDKs/iPhoneOS5.1.sdk/usr/include/libxml2/**";
				INFOPLIST_FILE = "pARk/pARk-Info.plist";
				OTHER_LDFLAGS = "-lxml2";
				PRODUCT_NAME = "$(TARGET_NAME)";
				PROVISIONING_PROFILE = "";
				"PROVISIONING_PROFILE[sdk=iphoneos*]" = "";
				SDKROOT = iphoneos;
				WRAPPER_EXTENSION = app;
			};
			name = Release;
		};
/* End XCBuildConfiguration section */

/* Begin XCConfigurationList section */
		8357D9E0138836520060FADB /* Build configuration list for PBXProject "pARk" */ = {
			isa = XCConfigurationList;
			buildConfigurations = (
				8357DA06138836520060FADB /* Debug */,
				8357DA07138836520060FADB /* Release */,
			);
			defaultConfigurationIsVisible = 0;
			defaultConfigurationName = Release;
		};
		8357DA08138836520060FADB /* Build configuration list for PBXNativeTarget "pARk" */ = {
			isa = XCConfigurationList;
			buildConfigurations = (
				8357DA09138836520060FADB /* Debug */,
				8357DA0A138836520060FADB /* Release */,
			);
			defaultConfigurationIsVisible = 0;
			defaultConfigurationName = Release;
		};
/* End XCConfigurationList section */
	};
	rootObject = 8357D9DD138836520060FADB /* Project object */;
}
