// !$*UTF8*$!
{
	archiveVersion = 1;
	classes = {
	};
	objectVersion = 46;
	objects = {

/* Begin PBXBuildFile section */
		3B8B05DD1612E2FD00EF861A /* UIKit.framework in Frameworks */ = {isa = PBXBuildFile; fileRef = 3B8B05DC1612E2FD00EF861A /* UIKit.framework */; };
		3B8B05DF1612E2FD00EF861A /* Foundation.framework in Frameworks */ = {isa = PBXBuildFile; fileRef = 3B8B05DE1612E2FD00EF861A /* Foundation.framework */; };
		3B8B05E11612E2FD00EF861A /* CoreGraphics.framework in Frameworks */ = {isa = PBXBuildFile; fileRef = 3B8B05E01612E2FD00EF861A /* CoreGraphics.framework */; };
		3B8B05E71612E2FE00EF861A /* InfoPlist.strings in Resources */ = {isa = PBXBuildFile; fileRef = 3B8B05E51612E2FE00EF861A /* InfoPlist.strings */; };
		3B8B05E91612E2FE00EF861A /* main.m in Sources */ = {isa = PBXBuildFile; fileRef = 3B8B05E81612E2FE00EF861A /* main.m */; };
		3B8B05ED1612E2FE00EF861A /* AppDelegate.m in Sources */ = {isa = PBXBuildFile; fileRef = 3B8B05EC1612E2FE00EF861A /* AppDelegate.m */; };
		3B8B05F01612E2FE00EF861A /* MainStoryboard_iPhone.storyboard in Resources */ = {isa = PBXBuildFile; fileRef = 3B8B05EE1612E2FE00EF861A /* MainStoryboard_iPhone.storyboard */; };
		3B8B05F31612E2FE00EF861A /* MainStoryboard_iPad.storyboard in Resources */ = {isa = PBXBuildFile; fileRef = 3B8B05F11612E2FE00EF861A /* MainStoryboard_iPad.storyboard */; };
		3B8B05F61612E2FE00EF861A /* ViewController.m in Sources */ = {isa = PBXBuildFile; fileRef = 3B8B05F51612E2FE00EF861A /* ViewController.m */; };
		3B8B05FE1612E2FE00EF861A /* SenTestingKit.framework in Frameworks */ = {isa = PBXBuildFile; fileRef = 3B8B05FD1612E2FE00EF861A /* SenTestingKit.framework */; };
		3B8B05FF1612E2FE00EF861A /* UIKit.framework in Frameworks */ = {isa = PBXBuildFile; fileRef = 3B8B05DC1612E2FD00EF861A /* UIKit.framework */; };
		3B8B06001612E2FE00EF861A /* Foundation.framework in Frameworks */ = {isa = PBXBuildFile; fileRef = 3B8B05DE1612E2FD00EF861A /* Foundation.framework */; };
		3B8B06081612E2FE00EF861A /* InfoPlist.strings in Resources */ = {isa = PBXBuildFile; fileRef = 3B8B06061612E2FE00EF861A /* InfoPlist.strings */; };
		3B8B060B1612E2FE00EF861A /* mapTests.m in Sources */ = {isa = PBXBuildFile; fileRef = 3B8B060A1612E2FE00EF861A /* mapTests.m */; };
		3B8B06151612E31C00EF861A /* CoreLocation.framework in Frameworks */ = {isa = PBXBuildFile; fileRef = 3B8B06141612E31C00EF861A /* CoreLocation.framework */; };
		3B8B06171612E5BF00EF861A /* MapKit.framework in Frameworks */ = {isa = PBXBuildFile; fileRef = 3B8B06161612E5BF00EF861A /* MapKit.framework */; };
		3BCDECE11627E7A4001F56EE /* libxml2.2.7.3.dylib in Frameworks */ = {isa = PBXBuildFile; fileRef = 3BCDECE01627E7A4001F56EE /* libxml2.2.7.3.dylib */; };
/* End PBXBuildFile section */

/* Begin PBXContainerItemProxy section */
		3B8B06011612E2FE00EF861A /* PBXContainerItemProxy */ = {
			isa = PBXContainerItemProxy;
			containerPortal = 3B8B05CF1612E2FD00EF861A /* Project object */;
			proxyType = 1;
			remoteGlobalIDString = 3B8B05D71612E2FD00EF861A;
			remoteInfo = map;
		};
/* End PBXContainerItemProxy section */

/* Begin PBXFileReference section */
		3B8B05D81612E2FD00EF861A /* map.app */ = {isa = PBXFileReference; explicitFileType = wrapper.application; includeInIndex = 0; path = map.app; sourceTree = BUILT_PRODUCTS_DIR; };
		3B8B05DC1612E2FD00EF861A /* UIKit.framework */ = {isa = PBXFileReference; lastKnownFileType = wrapper.framework; name = UIKit.framework; path = System/Library/Frameworks/UIKit.framework; sourceTree = SDKROOT; };
		3B8B05DE1612E2FD00EF861A /* Foundation.framework */ = {isa = PBXFileReference; lastKnownFileType = wrapper.framework; name = Foundation.framework; path = System/Library/Frameworks/Foundation.framework; sourceTree = SDKROOT; };
		3B8B05E01612E2FD00EF861A /* CoreGraphics.framework */ = {isa = PBXFileReference; lastKnownFileType = wrapper.framework; name = CoreGraphics.framework; path = System/Library/Frameworks/CoreGraphics.framework; sourceTree = SDKROOT; };
		3B8B05E41612E2FE00EF861A /* map-Info.plist */ = {isa = PBXFileReference; lastKnownFileType = text.plist.xml; path = "map-Info.plist"; sourceTree = "<group>"; };
		3B8B05E61612E2FE00EF861A /* en */ = {isa = PBXFileReference; lastKnownFileType = text.plist.strings; name = en; path = en.lproj/InfoPlist.strings; sourceTree = "<group>"; };
		3B8B05E81612E2FE00EF861A /* main.m */ = {isa = PBXFileReference; lastKnownFileType = sourcecode.c.objc; path = main.m; sourceTree = "<group>"; };
		3B8B05EA1612E2FE00EF861A /* map-Prefix.pch */ = {isa = PBXFileReference; lastKnownFileType = sourcecode.c.h; path = "map-Prefix.pch"; sourceTree = "<group>"; };
		3B8B05EB1612E2FE00EF861A /* AppDelegate.h */ = {isa = PBXFileReference; lastKnownFileType = sourcecode.c.h; path = AppDelegate.h; sourceTree = "<group>"; };
		3B8B05EC1612E2FE00EF861A /* AppDelegate.m */ = {isa = PBXFileReference; lastKnownFileType = sourcecode.c.objc; path = AppDelegate.m; sourceTree = "<group>"; };
		3B8B05EF1612E2FE00EF861A /* en */ = {isa = PBXFileReference; lastKnownFileType = file.storyboard; name = en; path = en.lproj/MainStoryboard_iPhone.storyboard; sourceTree = "<group>"; };
		3B8B05F21612E2FE00EF861A /* en */ = {isa = PBXFileReference; lastKnownFileType = file.storyboard; name = en; path = en.lproj/MainStoryboard_iPad.storyboard; sourceTree = "<group>"; };
		3B8B05F41612E2FE00EF861A /* ViewController.h */ = {isa = PBXFileReference; lastKnownFileType = sourcecode.c.h; path = ViewController.h; sourceTree = "<group>"; };
		3B8B05F51612E2FE00EF861A /* ViewController.m */ = {isa = PBXFileReference; lastKnownFileType = sourcecode.c.objc; path = ViewController.m; sourceTree = "<group>"; };
		3B8B05FC1612E2FE00EF861A /* mapTests.octest */ = {isa = PBXFileReference; explicitFileType = wrapper.cfbundle; includeInIndex = 0; path = mapTests.octest; sourceTree = BUILT_PRODUCTS_DIR; };
		3B8B05FD1612E2FE00EF861A /* SenTestingKit.framework */ = {isa = PBXFileReference; lastKnownFileType = wrapper.framework; name = SenTestingKit.framework; path = Library/Frameworks/SenTestingKit.framework; sourceTree = DEVELOPER_DIR; };
		3B8B06051612E2FE00EF861A /* mapTests-Info.plist */ = {isa = PBXFileReference; lastKnownFileType = text.plist.xml; path = "mapTests-Info.plist"; sourceTree = "<group>"; };
		3B8B06071612E2FE00EF861A /* en */ = {isa = PBXFileReference; lastKnownFileType = text.plist.strings; name = en; path = en.lproj/InfoPlist.strings; sourceTree = "<group>"; };
		3B8B06091612E2FE00EF861A /* mapTests.h */ = {isa = PBXFileReference; lastKnownFileType = sourcecode.c.h; path = mapTests.h; sourceTree = "<group>"; };
		3B8B060A1612E2FE00EF861A /* mapTests.m */ = {isa = PBXFileReference; lastKnownFileType = sourcecode.c.objc; path = mapTests.m; sourceTree = "<group>"; };
		3B8B06141612E31C00EF861A /* CoreLocation.framework */ = {isa = PBXFileReference; lastKnownFileType = wrapper.framework; name = CoreLocation.framework; path = System/Library/Frameworks/CoreLocation.framework; sourceTree = SDKROOT; };
		3B8B06161612E5BF00EF861A /* MapKit.framework */ = {isa = PBXFileReference; lastKnownFileType = wrapper.framework; name = MapKit.framework; path = System/Library/Frameworks/MapKit.framework; sourceTree = SDKROOT; };
		3BCDECE01627E7A4001F56EE /* libxml2.2.7.3.dylib */ = {isa = PBXFileReference; lastKnownFileType = "compiled.mach-o.dylib"; name = libxml2.2.7.3.dylib; path = usr/lib/libxml2.2.7.3.dylib; sourceTree = SDKROOT; };
/* End PBXFileReference section */

/* Begin PBXFrameworksBuildPhase section */
		3B8B05D51612E2FD00EF861A /* Frameworks */ = {
			isa = PBXFrameworksBuildPhase;
			buildActionMask = 2147483647;
			files = (
				3BCDECE11627E7A4001F56EE /* libxml2.2.7.3.dylib in Frameworks */,
				3B8B06171612E5BF00EF861A /* MapKit.framework in Frameworks */,
				3B8B06151612E31C00EF861A /* CoreLocation.framework in Frameworks */,
				3B8B05DD1612E2FD00EF861A /* UIKit.framework in Frameworks */,
				3B8B05DF1612E2FD00EF861A /* Foundation.framework in Frameworks */,
				3B8B05E11612E2FD00EF861A /* CoreGraphics.framework in Frameworks */,
			);
			runOnlyForDeploymentPostprocessing = 0;
		};
		3B8B05F81612E2FE00EF861A /* Frameworks */ = {
			isa = PBXFrameworksBuildPhase;
			buildActionMask = 2147483647;
			files = (
				3B8B05FE1612E2FE00EF861A /* SenTestingKit.framework in Frameworks */,
				3B8B05FF1612E2FE00EF861A /* UIKit.framework in Frameworks */,
				3B8B06001612E2FE00EF861A /* Foundation.framework in Frameworks */,
			);
			runOnlyForDeploymentPostprocessing = 0;
		};
/* End PBXFrameworksBuildPhase section */

/* Begin PBXGroup section */
		3B8B05CD1612E2FD00EF861A = {
			isa = PBXGroup;
			children = (
				3BCDECE01627E7A4001F56EE /* libxml2.2.7.3.dylib */,
				3B8B05E21612E2FE00EF861A /* map */,
				3B8B06031612E2FE00EF861A /* mapTests */,
				3B8B05DB1612E2FD00EF861A /* Frameworks */,
				3B8B05D91612E2FD00EF861A /* Products */,
			);
			sourceTree = "<group>";
		};
		3B8B05D91612E2FD00EF861A /* Products */ = {
			isa = PBXGroup;
			children = (
				3B8B05D81612E2FD00EF861A /* map.app */,
				3B8B05FC1612E2FE00EF861A /* mapTests.octest */,
			);
			name = Products;
			sourceTree = "<group>";
		};
		3B8B05DB1612E2FD00EF861A /* Frameworks */ = {
			isa = PBXGroup;
			children = (
				3B8B06161612E5BF00EF861A /* MapKit.framework */,
				3B8B06141612E31C00EF861A /* CoreLocation.framework */,
				3B8B05DC1612E2FD00EF861A /* UIKit.framework */,
				3B8B05DE1612E2FD00EF861A /* Foundation.framework */,
				3B8B05E01612E2FD00EF861A /* CoreGraphics.framework */,
				3B8B05FD1612E2FE00EF861A /* SenTestingKit.framework */,
			);
			name = Frameworks;
			sourceTree = "<group>";
		};
		3B8B05E21612E2FE00EF861A /* map */ = {
			isa = PBXGroup;
			children = (
				3B8B05EB1612E2FE00EF861A /* AppDelegate.h */,
				3B8B05EC1612E2FE00EF861A /* AppDelegate.m */,
				3B8B05EE1612E2FE00EF861A /* MainStoryboard_iPhone.storyboard */,
				3B8B05F11612E2FE00EF861A /* MainStoryboard_iPad.storyboard */,
				3B8B05F41612E2FE00EF861A /* ViewController.h */,
				3B8B05F51612E2FE00EF861A /* ViewController.m */,
				3B8B05E31612E2FE00EF861A /* Supporting Files */,
			);
			path = map;
			sourceTree = "<group>";
		};
		3B8B05E31612E2FE00EF861A /* Supporting Files */ = {
			isa = PBXGroup;
			children = (
				3B8B05E41612E2FE00EF861A /* map-Info.plist */,
				3B8B05E51612E2FE00EF861A /* InfoPlist.strings */,
				3B8B05E81612E2FE00EF861A /* main.m */,
				3B8B05EA1612E2FE00EF861A /* map-Prefix.pch */,
			);
			name = "Supporting Files";
			sourceTree = "<group>";
		};
		3B8B06031612E2FE00EF861A /* mapTests */ = {
			isa = PBXGroup;
			children = (
				3B8B06091612E2FE00EF861A /* mapTests.h */,
				3B8B060A1612E2FE00EF861A /* mapTests.m */,
				3B8B06041612E2FE00EF861A /* Supporting Files */,
			);
			path = mapTests;
			sourceTree = "<group>";
		};
		3B8B06041612E2FE00EF861A /* Supporting Files */ = {
			isa = PBXGroup;
			children = (
				3B8B06051612E2FE00EF861A /* mapTests-Info.plist */,
				3B8B06061612E2FE00EF861A /* InfoPlist.strings */,
			);
			name = "Supporting Files";
			sourceTree = "<group>";
		};
/* End PBXGroup section */

/* Begin PBXNativeTarget section */
		3B8B05D71612E2FD00EF861A /* map */ = {
			isa = PBXNativeTarget;
			buildConfigurationList = 3B8B060E1612E2FE00EF861A /* Build configuration list for PBXNativeTarget "map" */;
			buildPhases = (
				3B8B05D41612E2FD00EF861A /* Sources */,
				3B8B05D51612E2FD00EF861A /* Frameworks */,
				3B8B05D61612E2FD00EF861A /* Resources */,
			);
			buildRules = (
			);
			dependencies = (
			);
			name = map;
			productName = map;
			productReference = 3B8B05D81612E2FD00EF861A /* map.app */;
			productType = "com.apple.product-type.application";
		};
		3B8B05FB1612E2FE00EF861A /* mapTests */ = {
			isa = PBXNativeTarget;
			buildConfigurationList = 3B8B06111612E2FE00EF861A /* Build configuration list for PBXNativeTarget "mapTests" */;
			buildPhases = (
				3B8B05F71612E2FE00EF861A /* Sources */,
				3B8B05F81612E2FE00EF861A /* Frameworks */,
				3B8B05F91612E2FE00EF861A /* Resources */,
				3B8B05FA1612E2FE00EF861A /* ShellScript */,
			);
			buildRules = (
			);
			dependencies = (
				3B8B06021612E2FE00EF861A /* PBXTargetDependency */,
			);
			name = mapTests;
			productName = mapTests;
			productReference = 3B8B05FC1612E2FE00EF861A /* mapTests.octest */;
			productType = "com.apple.product-type.bundle";
		};
/* End PBXNativeTarget section */

/* Begin PBXProject section */
		3B8B05CF1612E2FD00EF861A /* Project object */ = {
			isa = PBXProject;
			attributes = {
				LastUpgradeCheck = 0440;
				ORGANIZATIONNAME = "Yaoli Zheng";
			};
			buildConfigurationList = 3B8B05D21612E2FD00EF861A /* Build configuration list for PBXProject "map" */;
			compatibilityVersion = "Xcode 3.2";
			developmentRegion = English;
			hasScannedForEncodings = 0;
			knownRegions = (
				en,
			);
			mainGroup = 3B8B05CD1612E2FD00EF861A;
			productRefGroup = 3B8B05D91612E2FD00EF861A /* Products */;
			projectDirPath = "";
			projectRoot = "";
			targets = (
				3B8B05D71612E2FD00EF861A /* map */,
				3B8B05FB1612E2FE00EF861A /* mapTests */,
			);
		};
/* End PBXProject section */

/* Begin PBXResourcesBuildPhase section */
		3B8B05D61612E2FD00EF861A /* Resources */ = {
			isa = PBXResourcesBuildPhase;
			buildActionMask = 2147483647;
			files = (
				3B8B05E71612E2FE00EF861A /* InfoPlist.strings in Resources */,
				3B8B05F01612E2FE00EF861A /* MainStoryboard_iPhone.storyboard in Resources */,
				3B8B05F31612E2FE00EF861A /* MainStoryboard_iPad.storyboard in Resources */,
			);
			runOnlyForDeploymentPostprocessing = 0;
		};
		3B8B05F91612E2FE00EF861A /* Resources */ = {
			isa = PBXResourcesBuildPhase;
			buildActionMask = 2147483647;
			files = (
				3B8B06081612E2FE00EF861A /* InfoPlist.strings in Resources */,
			);
			runOnlyForDeploymentPostprocessing = 0;
		};
/* End PBXResourcesBuildPhase section */

/* Begin PBXShellScriptBuildPhase section */
		3B8B05FA1612E2FE00EF861A /* ShellScript */ = {
			isa = PBXShellScriptBuildPhase;
			buildActionMask = 2147483647;
			files = (
			);
			inputPaths = (
			);
			outputPaths = (
			);
			runOnlyForDeploymentPostprocessing = 0;
			shellPath = /bin/sh;
			shellScript = "# Run the unit tests in this test bundle.\n\"${SYSTEM_DEVELOPER_DIR}/Tools/RunUnitTests\"\n";
		};
/* End PBXShellScriptBuildPhase section */

/* Begin PBXSourcesBuildPhase section */
		3B8B05D41612E2FD00EF861A /* Sources */ = {
			isa = PBXSourcesBuildPhase;
			buildActionMask = 2147483647;
			files = (
				3B8B05E91612E2FE00EF861A /* main.m in Sources */,
				3B8B05ED1612E2FE00EF861A /* AppDelegate.m in Sources */,
				3B8B05F61612E2FE00EF861A /* ViewController.m in Sources */,
			);
			runOnlyForDeploymentPostprocessing = 0;
		};
		3B8B05F71612E2FE00EF861A /* Sources */ = {
			isa = PBXSourcesBuildPhase;
			buildActionMask = 2147483647;
			files = (
				3B8B060B1612E2FE00EF861A /* mapTests.m in Sources */,
			);
			runOnlyForDeploymentPostprocessing = 0;
		};
/* End PBXSourcesBuildPhase section */

/* Begin PBXTargetDependency section */
		3B8B06021612E2FE00EF861A /* PBXTargetDependency */ = {
			isa = PBXTargetDependency;
			target = 3B8B05D71612E2FD00EF861A /* map */;
			targetProxy = 3B8B06011612E2FE00EF861A /* PBXContainerItemProxy */;
		};
/* End PBXTargetDependency section */

/* Begin PBXVariantGroup section */
		3B8B05E51612E2FE00EF861A /* InfoPlist.strings */ = {
			isa = PBXVariantGroup;
			children = (
				3B8B05E61612E2FE00EF861A /* en */,
			);
			name = InfoPlist.strings;
			sourceTree = "<group>";
		};
		3B8B05EE1612E2FE00EF861A /* MainStoryboard_iPhone.storyboard */ = {
			isa = PBXVariantGroup;
			children = (
				3B8B05EF1612E2FE00EF861A /* en */,
			);
			name = MainStoryboard_iPhone.storyboard;
			sourceTree = "<group>";
		};
		3B8B05F11612E2FE00EF861A /* MainStoryboard_iPad.storyboard */ = {
			isa = PBXVariantGroup;
			children = (
				3B8B05F21612E2FE00EF861A /* en */,
			);
			name = MainStoryboard_iPad.storyboard;
			sourceTree = "<group>";
		};
		3B8B06061612E2FE00EF861A /* InfoPlist.strings */ = {
			isa = PBXVariantGroup;
			children = (
				3B8B06071612E2FE00EF861A /* en */,
			);
			name = InfoPlist.strings;
			sourceTree = "<group>";
		};
/* End PBXVariantGroup section */

/* Begin XCBuildConfiguration section */
		3B8B060C1612E2FE00EF861A /* Debug */ = {
			isa = XCBuildConfiguration;
			buildSettings = {
				ALWAYS_SEARCH_USER_PATHS = NO;
				ARCHS = "$(ARCHS_STANDARD_32_BIT)";
				CLANG_CXX_LANGUAGE_STANDARD = "gnu++0x";
				CLANG_ENABLE_OBJC_ARC = YES;
				CLANG_WARN__DUPLICATE_METHOD_MATCH = YES;
				"CODE_SIGN_IDENTITY[sdk=iphoneos*]" = "iPhone Developer";
				COPY_PHASE_STRIP = NO;
				GCC_C_LANGUAGE_STANDARD = gnu99;
				GCC_DYNAMIC_NO_PIC = NO;
				GCC_OPTIMIZATION_LEVEL = 0;
				GCC_PREPROCESSOR_DEFINITIONS = (
					"DEBUG=1",
					"$(inherited)",
				);
				GCC_SYMBOLS_PRIVATE_EXTERN = NO;
				GCC_VERSION = com.apple.compilers.llvm.clang.1_0;
				GCC_WARN_ABOUT_RETURN_TYPE = YES;
				GCC_WARN_UNINITIALIZED_AUTOS = YES;
				GCC_WARN_UNUSED_VARIABLE = YES;
				IPHONEOS_DEPLOYMENT_TARGET = 5.1;
				SDKROOT = iphoneos;
				TARGETED_DEVICE_FAMILY = "1,2";
			};
			name = Debug;
		};
		3B8B060D1612E2FE00EF861A /* Release */ = {
			isa = XCBuildConfiguration;
			buildSettings = {
				ALWAYS_SEARCH_USER_PATHS = NO;
				ARCHS = "$(ARCHS_STANDARD_32_BIT)";
				CLANG_CXX_LANGUAGE_STANDARD = "gnu++0x";
				CLANG_ENABLE_OBJC_ARC = YES;
				CLANG_WARN__DUPLICATE_METHOD_MATCH = YES;
				"CODE_SIGN_IDENTITY[sdk=iphoneos*]" = "iPhone Developer";
				COPY_PHASE_STRIP = YES;
				GCC_C_LANGUAGE_STANDARD = gnu99;
				GCC_VERSION = com.apple.compilers.llvm.clang.1_0;
				GCC_WARN_ABOUT_RETURN_TYPE = YES;
				GCC_WARN_UNINITIALIZED_AUTOS = YES;
				GCC_WARN_UNUSED_VARIABLE = YES;
				IPHONEOS_DEPLOYMENT_TARGET = 5.1;
				OTHER_CFLAGS = "-DNS_BLOCK_ASSERTIONS=1";
				SDKROOT = iphoneos;
				TARGETED_DEVICE_FAMILY = "1,2";
				VALIDATE_PRODUCT = YES;
			};
			name = Release;
		};
		3B8B060F1612E2FE00EF861A /* Debug */ = {
			isa = XCBuildConfiguration;
			buildSettings = {
				GCC_PRECOMPILE_PREFIX_HEADER = YES;
				GCC_PREFIX_HEADER = "map/map-Prefix.pch";
				HEADER_SEARCH_PATHS = "/Applications/Xcode.app/contents/Developer/Platforms/iPhoneOS.platform/Developer/SDKs/iPhoneOS5.1.sdk/usr/include/libxml2/**";
				INFOPLIST_FILE = "map/map-Info.plist";
				PRODUCT_NAME = "$(TARGET_NAME)";
				WRAPPER_EXTENSION = app;
			};
			name = Debug;
		};
		3B8B06101612E2FE00EF861A /* Release */ = {
			isa = XCBuildConfiguration;
			buildSettings = {
				GCC_PRECOMPILE_PREFIX_HEADER = YES;
				GCC_PREFIX_HEADER = "map/map-Prefix.pch";
				HEADER_SEARCH_PATHS = "/Applications/Xcode.app/contents/Developer/Platforms/iPhoneOS.platform/Developer/SDKs/iPhoneOS5.1.sdk/usr/include/libxml2/**";
				INFOPLIST_FILE = "map/map-Info.plist";
				PRODUCT_NAME = "$(TARGET_NAME)";
				WRAPPER_EXTENSION = app;
			};
			name = Release;
		};
		3B8B06121612E2FE00EF861A /* Debug */ = {
			isa = XCBuildConfiguration;
			buildSettings = {
				BUNDLE_LOADER = "$(BUILT_PRODUCTS_DIR)/map.app/map";
				FRAMEWORK_SEARCH_PATHS = (
					"\"$(SDKROOT)/Developer/Library/Frameworks\"",
					"\"$(DEVELOPER_LIBRARY_DIR)/Frameworks\"",
				);
				GCC_PRECOMPILE_PREFIX_HEADER = YES;
				GCC_PREFIX_HEADER = "map/map-Prefix.pch";
				INFOPLIST_FILE = "mapTests/mapTests-Info.plist";
				PRODUCT_NAME = "$(TARGET_NAME)";
				TEST_HOST = "$(BUNDLE_LOADER)";
				WRAPPER_EXTENSION = octest;
			};
			name = Debug;
		};
		3B8B06131612E2FE00EF861A /* Release */ = {
			isa = XCBuildConfiguration;
			buildSettings = {
				BUNDLE_LOADER = "$(BUILT_PRODUCTS_DIR)/map.app/map";
				FRAMEWORK_SEARCH_PATHS = (
					"\"$(SDKROOT)/Developer/Library/Frameworks\"",
					"\"$(DEVELOPER_LIBRARY_DIR)/Frameworks\"",
				);
				GCC_PRECOMPILE_PREFIX_HEADER = YES;
				GCC_PREFIX_HEADER = "map/map-Prefix.pch";
				INFOPLIST_FILE = "mapTests/mapTests-Info.plist";
				PRODUCT_NAME = "$(TARGET_NAME)";
				TEST_HOST = "$(BUNDLE_LOADER)";
				WRAPPER_EXTENSION = octest;
			};
			name = Release;
		};
/* End XCBuildConfiguration section */

/* Begin XCConfigurationList section */
		3B8B05D21612E2FD00EF861A /* Build configuration list for PBXProject "map" */ = {
			isa = XCConfigurationList;
			buildConfigurations = (
				3B8B060C1612E2FE00EF861A /* Debug */,
				3B8B060D1612E2FE00EF861A /* Release */,
			);
			defaultConfigurationIsVisible = 0;
			defaultConfigurationName = Release;
		};
		3B8B060E1612E2FE00EF861A /* Build configuration list for PBXNativeTarget "map" */ = {
			isa = XCConfigurationList;
			buildConfigurations = (
				3B8B060F1612E2FE00EF861A /* Debug */,
				3B8B06101612E2FE00EF861A /* Release */,
			);
			defaultConfigurationIsVisible = 0;
			defaultConfigurationName = Release;
		};
		3B8B06111612E2FE00EF861A /* Build configuration list for PBXNativeTarget "mapTests" */ = {
			isa = XCConfigurationList;
			buildConfigurations = (
				3B8B06121612E2FE00EF861A /* Debug */,
				3B8B06131612E2FE00EF861A /* Release */,
			);
			defaultConfigurationIsVisible = 0;
			defaultConfigurationName = Release;
		};
/* End XCConfigurationList section */
	};
	rootObject = 3B8B05CF1612E2FD00EF861A /* Project object */;
}
